
Microsoft Visual Studio Solution File, Format Version 12.00
# Visual Studio Version 17
VisualStudioVersion = 17.2.32526.322
MinimumVisualStudioVersion = 10.0.40219.1
Project("{FAE04EC0-301F-11D3-BF4B-00C04F79EFBC}") = "MainPanel", "MainPanel.csproj", "{2B11E978-4CFF-4594-9147-3BC582EE4943}"
EndProject
Global
	GlobalSection(SolutionConfigurationPlatforms) = preSolution
		Debug|Any CPU = Debug|Any CPU
		Release|Any CPU = Release|Any CPU
	EndGlobalSection
	GlobalSection(ProjectConfigurationPlatforms) = postSolution
		{2B11E978-4CFF-4594-9147-3BC582EE4943}.Debug|Any CPU.ActiveCfg = Debug|Any CPU
		{2B11E978-4CFF-4594-9147-3BC582EE4943}.Debug|Any CPU.Build.0 = Debug|Any CPU
		{2B11E978-4CFF-4594-9147-3BC582EE4943}.Release|Any CPU.ActiveCfg = Release|Any CPU
		{2B11E978-4CFF-4594-9147-3BC582EE4943}.Release|Any CPU.Build.0 = Release|Any CPU
	EndGlobalSection
	GlobalSection(SolutionProperties) = preSolution
		HideSolutionNode = FALSE
	EndGlobalSection
	GlobalSection(ExtensibilityGlobals) = postSolution
		SolutionGuid = {D4CE7B35-1CC7-40C9-B035-B0B0924F2095}
	EndGlobalSection
EndGlobal
